
Microsoft Visual Studio Solution File, Format Version 12.00
# Visual Studio Version 17
VisualStudioVersion = 17.2.32516.85
MinimumVisualStudioVersion = 10.0.40219.1
Project("{FAE04EC0-301F-11D3-BF4B-00C04F79EFBC}") = "SortingAlgorithmsTest", "SortingAlgorithmsTest\SortingAlgorithmsTest.csproj", "{CE5E8A56-3245-47E9-899E-5DF267C8B75C}"
EndProject
Project("{FAE04EC0-301F-11D3-BF4B-00C04F79EFBC}") = "SortingAlgorithmsTestTests", "SortingAlgorithmsTestTests\SortingAlgorithmsTestTests.csproj", "{8B86330A-3D76-4209-A452-39F6AFCFC96E}"
EndProject
Global
	GlobalSection(SolutionConfigurationPlatforms) = preSolution
		Debug|Any CPU = Debug|Any CPU
		Release|Any CPU = Release|Any CPU
	EndGlobalSection
	GlobalSection(ProjectConfigurationPlatforms) = postSolution
		{CE5E8A56-3245-47E9-899E-5DF267C8B75C}.Debug|Any CPU.ActiveCfg = Debug|Any CPU
		{CE5E8A56-3245-47E9-899E-5DF267C8B75C}.Debug|Any CPU.Build.0 = Debug|Any CPU
		{CE5E8A56-3245-47E9-899E-5DF267C8B75C}.Release|Any CPU.ActiveCfg = Release|Any CPU
		{CE5E8A56-3245-47E9-899E-5DF267C8B75C}.Release|Any CPU.Build.0 = Release|Any CPU
		{8B86330A-3D76-4209-A452-39F6AFCFC96E}.Debug|Any CPU.ActiveCfg = Debug|Any CPU
		{8B86330A-3D76-4209-A452-39F6AFCFC96E}.Debug|Any CPU.Build.0 = Debug|Any CPU
		{8B86330A-3D76-4209-A452-39F6AFCFC96E}.Release|Any CPU.ActiveCfg = Release|Any CPU
		{8B86330A-3D76-4209-A452-39F6AFCFC96E}.Release|Any CPU.Build.0 = Release|Any CPU
	EndGlobalSection
	GlobalSection(SolutionProperties) = preSolution
		HideSolutionNode = FALSE
	EndGlobalSection
	GlobalSection(ExtensibilityGlobals) = postSolution
		SolutionGuid = {B757A814-FCA7-4920-BAF6-EDEC7D099548}
	EndGlobalSection
EndGlobal
